// !$*UTF8*$!
{
	archiveVersion = 1;
	classes = {
	};
	objectVersion = 48;
	objects = {

/* Begin PBXBuildFile section */
		3EAE37521FBC18100020ADFE /* AppDelegate.swift in Sources */ = {isa = PBXBuildFile; fileRef = 3EAE37511FBC18100020ADFE /* AppDelegate.swift */; };
		3EAE37541FBC18100020ADFE /* TableViewController.swift in Sources */ = {isa = PBXBuildFile; fileRef = 3EAE37531FBC18100020ADFE /* TableViewController.swift */; };
		3EAE37571FBC18100020ADFE /* Main.storyboard in Resources */ = {isa = PBXBuildFile; fileRef = 3EAE37551FBC18100020ADFE /* Main.storyboard */; };
		3EAE37591FBC18100020ADFE /* Assets.xcassets in Resources */ = {isa = PBXBuildFile; fileRef = 3EAE37581FBC18100020ADFE /* Assets.xcassets */; };
		3EAE375C1FBC18100020ADFE /* LaunchScreen.storyboard in Resources */ = {isa = PBXBuildFile; fileRef = 3EAE375A1FBC18100020ADFE /* LaunchScreen.storyboard */; };
		3EAE37641FBC1CEA0020ADFE /* PlayData.swift in Sources */ = {isa = PBXBuildFile; fileRef = 3EAE37631FBC1CEA0020ADFE /* PlayData.swift */; };
		3EAE376C1FBC1F360020ADFE /* iOS_ExperimentsTests.swift in Sources */ = {isa = PBXBuildFile; fileRef = 3EAE376B1FBC1F360020ADFE /* iOS_ExperimentsTests.swift */; };
		3EAE37751FBC23A00020ADFE /* plays.txt in Resources */ = {isa = PBXBuildFile; fileRef = 3EAE37741FBC23A00020ADFE /* plays.txt */; };
		3EAE377E1FBC35260020ADFE /* iOS_ExperimentsUITests.swift in Sources */ = {isa = PBXBuildFile; fileRef = 3EAE377D1FBC35260020ADFE /* iOS_ExperimentsUITests.swift */; };
/* End PBXBuildFile section */

/* Begin PBXContainerItemProxy section */
		3EAE376E1FBC1F360020ADFE /* PBXContainerItemProxy */ = {
			isa = PBXContainerItemProxy;
			containerPortal = 3EAE37461FBC18100020ADFE /* Project object */;
			proxyType = 1;
			remoteGlobalIDString = 3EAE374D1FBC18100020ADFE;
			remoteInfo = "iOS-Experiments";
		};
		3EAE37801FBC35260020ADFE /* PBXContainerItemProxy */ = {
			isa = PBXContainerItemProxy;
			containerPortal = 3EAE37461FBC18100020ADFE /* Project object */;
			proxyType = 1;
			remoteGlobalIDString = 3EAE374D1FBC18100020ADFE;
			remoteInfo = "iOS-Experiments";
		};
/* End PBXContainerItemProxy section */

/* Begin PBXFileReference section */
		3EAE374E1FBC18100020ADFE /* iOS-Experiments.app */ = {isa = PBXFileReference; explicitFileType = wrapper.application; includeInIndex = 0; path = "iOS-Experiments.app"; sourceTree = BUILT_PRODUCTS_DIR; };
		3EAE37511FBC18100020ADFE /* AppDelegate.swift */ = {isa = PBXFileReference; lastKnownFileType = sourcecode.swift; path = AppDelegate.swift; sourceTree = "<group>"; };
		3EAE37531FBC18100020ADFE /* TableViewController.swift */ = {isa = PBXFileReference; lastKnownFileType = sourcecode.swift; path = TableViewController.swift; sourceTree = "<group>"; };
		3EAE37561FBC18100020ADFE /* Base */ = {isa = PBXFileReference; lastKnownFileType = file.storyboard; name = Base; path = Base.lproj/Main.storyboard; sourceTree = "<group>"; };
		3EAE37581FBC18100020ADFE /* Assets.xcassets */ = {isa = PBXFileReference; lastKnownFileType = folder.assetcatalog; path = Assets.xcassets; sourceTree = "<group>"; };
		3EAE375B1FBC18100020ADFE /* Base */ = {isa = PBXFileReference; lastKnownFileType = file.storyboard; name = Base; path = Base.lproj/LaunchScreen.storyboard; sourceTree = "<group>"; };
		3EAE375D1FBC18100020ADFE /* Info.plist */ = {isa = PBXFileReference; lastKnownFileType = text.plist.xml; path = Info.plist; sourceTree = "<group>"; };
		3EAE37631FBC1CEA0020ADFE /* PlayData.swift */ = {isa = PBXFileReference; lastKnownFileType = sourcecode.swift; path = PlayData.swift; sourceTree = "<group>"; };
		3EAE37691FBC1F360020ADFE /* iOS-ExperimentsTests.xctest */ = {isa = PBXFileReference; explicitFileType = wrapper.cfbundle; includeInIndex = 0; path = "iOS-ExperimentsTests.xctest"; sourceTree = BUILT_PRODUCTS_DIR; };
		3EAE376B1FBC1F360020ADFE /* iOS_ExperimentsTests.swift */ = {isa = PBXFileReference; lastKnownFileType = sourcecode.swift; path = iOS_ExperimentsTests.swift; sourceTree = "<group>"; };
		3EAE376D1FBC1F360020ADFE /* Info.plist */ = {isa = PBXFileReference; lastKnownFileType = text.plist.xml; path = Info.plist; sourceTree = "<group>"; };
		3EAE37741FBC23A00020ADFE /* plays.txt */ = {isa = PBXFileReference; fileEncoding = 4; lastKnownFileType = text; path = plays.txt; sourceTree = "<group>"; };
		3EAE377B1FBC35260020ADFE /* iOS-ExperimentsUITests.xctest */ = {isa = PBXFileReference; explicitFileType = wrapper.cfbundle; includeInIndex = 0; path = "iOS-ExperimentsUITests.xctest"; sourceTree = BUILT_PRODUCTS_DIR; };
		3EAE377D1FBC35260020ADFE /* iOS_ExperimentsUITests.swift */ = {isa = PBXFileReference; lastKnownFileType = sourcecode.swift; path = iOS_ExperimentsUITests.swift; sourceTree = "<group>"; };
		3EAE377F1FBC35260020ADFE /* Info.plist */ = {isa = PBXFileReference; lastKnownFileType = text.plist.xml; path = Info.plist; sourceTree = "<group>"; };
/* End PBXFileReference section */

/* Begin PBXFrameworksBuildPhase section */
		3EAE374B1FBC18100020ADFE /* Frameworks */ = {
			isa = PBXFrameworksBuildPhase;
			buildActionMask = 2147483647;
			files = (
			);
			runOnlyForDeploymentPostprocessing = 0;
		};
		3EAE37661FBC1F360020ADFE /* Frameworks */ = {
			isa = PBXFrameworksBuildPhase;
			buildActionMask = 2147483647;
			files = (
			);
			runOnlyForDeploymentPostprocessing = 0;
		};
		3EAE37781FBC35260020ADFE /* Frameworks */ = {
			isa = PBXFrameworksBuildPhase;
			buildActionMask = 2147483647;
			files = (
			);
			runOnlyForDeploymentPostprocessing = 0;
		};
/* End PBXFrameworksBuildPhase section */

/* Begin PBXGroup section */
		3EAE37451FBC18100020ADFE = {
			isa = PBXGroup;
			children = (
				3EAE37501FBC18100020ADFE /* iOS-Experiments */,
				3EAE37761FBC23F30020ADFE /* Resources */,
				3EAE376A1FBC1F360020ADFE /* iOS-ExperimentsTests */,
				3EAE377C1FBC35260020ADFE /* iOS-ExperimentsUITests */,
				3EAE374F1FBC18100020ADFE /* Products */,
			);
			sourceTree = "<group>";
		};
		3EAE374F1FBC18100020ADFE /* Products */ = {
			isa = PBXGroup;
			children = (
				3EAE374E1FBC18100020ADFE /* iOS-Experiments.app */,
				3EAE37691FBC1F360020ADFE /* iOS-ExperimentsTests.xctest */,
				3EAE377B1FBC35260020ADFE /* iOS-ExperimentsUITests.xctest */,
			);
			name = Products;
			sourceTree = "<group>";
		};
		3EAE37501FBC18100020ADFE /* iOS-Experiments */ = {
			isa = PBXGroup;
			children = (
				3EAE37511FBC18100020ADFE /* AppDelegate.swift */,
				3EAE37531FBC18100020ADFE /* TableViewController.swift */,
				3EAE37551FBC18100020ADFE /* Main.storyboard */,
				3EAE37581FBC18100020ADFE /* Assets.xcassets */,
				3EAE375A1FBC18100020ADFE /* LaunchScreen.storyboard */,
				3EAE375D1FBC18100020ADFE /* Info.plist */,
				3EAE37631FBC1CEA0020ADFE /* PlayData.swift */,
			);
			path = "iOS-Experiments";
			sourceTree = "<group>";
		};
		3EAE376A1FBC1F360020ADFE /* iOS-ExperimentsTests */ = {
			isa = PBXGroup;
			children = (
				3EAE376B1FBC1F360020ADFE /* iOS_ExperimentsTests.swift */,
				3EAE376D1FBC1F360020ADFE /* Info.plist */,
			);
			path = "iOS-ExperimentsTests";
			sourceTree = "<group>";
		};
		3EAE37761FBC23F30020ADFE /* Resources */ = {
			isa = PBXGroup;
			children = (
				3EAE37741FBC23A00020ADFE /* plays.txt */,
			);
			path = Resources;
			sourceTree = "<group>";
		};
		3EAE377C1FBC35260020ADFE /* iOS-ExperimentsUITests */ = {
			isa = PBXGroup;
			children = (
				3EAE377D1FBC35260020ADFE /* iOS_ExperimentsUITests.swift */,
				3EAE377F1FBC35260020ADFE /* Info.plist */,
			);
			path = "iOS-ExperimentsUITests";
			sourceTree = "<group>";
		};
/* End PBXGroup section */

/* Begin PBXNativeTarget section */
		3EAE374D1FBC18100020ADFE /* iOS-Experiments */ = {
			isa = PBXNativeTarget;
			buildConfigurationList = 3EAE37601FBC18100020ADFE /* Build configuration list for PBXNativeTarget "iOS-Experiments" */;
			buildPhases = (
				3EAE374A1FBC18100020ADFE /* Sources */,
				3EAE374B1FBC18100020ADFE /* Frameworks */,
				3EAE374C1FBC18100020ADFE /* Resources */,
			);
			buildRules = (
			);
			dependencies = (
			);
			name = "iOS-Experiments";
			productName = "iOS-Experiments";
			productReference = 3EAE374E1FBC18100020ADFE /* iOS-Experiments.app */;
			productType = "com.apple.product-type.application";
		};
		3EAE37681FBC1F360020ADFE /* iOS-ExperimentsTests */ = {
			isa = PBXNativeTarget;
			buildConfigurationList = 3EAE37701FBC1F360020ADFE /* Build configuration list for PBXNativeTarget "iOS-ExperimentsTests" */;
			buildPhases = (
				3EAE37651FBC1F360020ADFE /* Sources */,
				3EAE37661FBC1F360020ADFE /* Frameworks */,
				3EAE37671FBC1F360020ADFE /* Resources */,
			);
			buildRules = (
			);
			dependencies = (
				3EAE376F1FBC1F360020ADFE /* PBXTargetDependency */,
			);
			name = "iOS-ExperimentsTests";
			productName = "iOS-ExperimentsTests";
			productReference = 3EAE37691FBC1F360020ADFE /* iOS-ExperimentsTests.xctest */;
			productType = "com.apple.product-type.bundle.unit-test";
		};
		3EAE377A1FBC35260020ADFE /* iOS-ExperimentsUITests */ = {
			isa = PBXNativeTarget;
			buildConfigurationList = 3EAE37821FBC35260020ADFE /* Build configuration list for PBXNativeTarget "iOS-ExperimentsUITests" */;
			buildPhases = (
				3EAE37771FBC35260020ADFE /* Sources */,
				3EAE37781FBC35260020ADFE /* Frameworks */,
				3EAE37791FBC35260020ADFE /* Resources */,
			);
			buildRules = (
			);
			dependencies = (
				3EAE37811FBC35260020ADFE /* PBXTargetDependency */,
			);
			name = "iOS-ExperimentsUITests";
			productName = "iOS-ExperimentsUITests";
			productReference = 3EAE377B1FBC35260020ADFE /* iOS-ExperimentsUITests.xctest */;
			productType = "com.apple.product-type.bundle.ui-testing";
		};
/* End PBXNativeTarget section */

/* Begin PBXProject section */
		3EAE37461FBC18100020ADFE /* Project object */ = {
			isa = PBXProject;
			attributes = {
				LastSwiftUpdateCheck = 0910;
				LastUpgradeCheck = 0910;
				ORGANIZATIONNAME = 4MFD;
				TargetAttributes = {
					3EAE374D1FBC18100020ADFE = {
						CreatedOnToolsVersion = 9.1;
						ProvisioningStyle = Automatic;
					};
					3EAE37681FBC1F360020ADFE = {
						CreatedOnToolsVersion = 9.1;
						ProvisioningStyle = Automatic;
						TestTargetID = 3EAE374D1FBC18100020ADFE;
					};
					3EAE377A1FBC35260020ADFE = {
						CreatedOnToolsVersion = 9.1;
						ProvisioningStyle = Automatic;
						TestTargetID = 3EAE374D1FBC18100020ADFE;
					};
				};
			};
			buildConfigurationList = 3EAE37491FBC18100020ADFE /* Build configuration list for PBXProject "iOS-Experiments" */;
			compatibilityVersion = "Xcode 8.0";
			developmentRegion = en;
			hasScannedForEncodings = 0;
			knownRegions = (
				en,
				Base,
			);
			mainGroup = 3EAE37451FBC18100020ADFE;
			productRefGroup = 3EAE374F1FBC18100020ADFE /* Products */;
			projectDirPath = "";
			projectRoot = "";
			targets = (
				3EAE374D1FBC18100020ADFE /* iOS-Experiments */,
				3EAE37681FBC1F360020ADFE /* iOS-ExperimentsTests */,
				3EAE377A1FBC35260020ADFE /* iOS-ExperimentsUITests */,
			);
		};
/* End PBXProject section */

/* Begin PBXResourcesBuildPhase section */
		3EAE374C1FBC18100020ADFE /* Resources */ = {
			isa = PBXResourcesBuildPhase;
			buildActionMask = 2147483647;
			files = (
				3EAE37751FBC23A00020ADFE /* plays.txt in Resources */,
				3EAE375C1FBC18100020ADFE /* LaunchScreen.storyboard in Resources */,
				3EAE37591FBC18100020ADFE /* Assets.xcassets in Resources */,
				3EAE37571FBC18100020ADFE /* Main.storyboard in Resources */,
			);
			runOnlyForDeploymentPostprocessing = 0;
		};
		3EAE37671FBC1F360020ADFE /* Resources */ = {
			isa = PBXResourcesBuildPhase;
			buildActionMask = 2147483647;
			files = (
			);
			runOnlyForDeploymentPostprocessing = 0;
		};
		3EAE37791FBC35260020ADFE /* Resources */ = {
			isa = PBXResourcesBuildPhase;
			buildActionMask = 2147483647;
			files = (
			);
			runOnlyForDeploymentPostprocessing = 0;
		};
/* End PBXResourcesBuildPhase section */

/* Begin PBXSourcesBuildPhase section */
		3EAE374A1FBC18100020ADFE /* Sources */ = {
			isa = PBXSourcesBuildPhase;
			buildActionMask = 2147483647;
			files = (
				3EAE37641FBC1CEA0020ADFE /* PlayData.swift in Sources */,
				3EAE37541FBC18100020ADFE /* TableViewController.swift in Sources */,
				3EAE37521FBC18100020ADFE /* AppDelegate.swift in Sources */,
			);
			runOnlyForDeploymentPostprocessing = 0;
		};
		3EAE37651FBC1F360020ADFE /* Sources */ = {
			isa = PBXSourcesBuildPhase;
			buildActionMask = 2147483647;
			files = (
				3EAE376C1FBC1F360020ADFE /* iOS_ExperimentsTests.swift in Sources */,
			);
			runOnlyForDeploymentPostprocessing = 0;
		};
		3EAE37771FBC35260020ADFE /* Sources */ = {
			isa = PBXSourcesBuildPhase;
			buildActionMask = 2147483647;
			files = (
				3EAE377E1FBC35260020ADFE /* iOS_ExperimentsUITests.swift in Sources */,
			);
			runOnlyForDeploymentPostprocessing = 0;
		};
/* End PBXSourcesBuildPhase section */

/* Begin PBXTargetDependency section */
		3EAE376F1FBC1F360020ADFE /* PBXTargetDependency */ = {
			isa = PBXTargetDependency;
			target = 3EAE374D1FBC18100020ADFE /* iOS-Experiments */;
			targetProxy = 3EAE376E1FBC1F360020ADFE /* PBXContainerItemProxy */;
		};
		3EAE37811FBC35260020ADFE /* PBXTargetDependency */ = {
			isa = PBXTargetDependency;
			target = 3EAE374D1FBC18100020ADFE /* iOS-Experiments */;
			targetProxy = 3EAE37801FBC35260020ADFE /* PBXContainerItemProxy */;
		};
/* End PBXTargetDependency section */

/* Begin PBXVariantGroup section */
		3EAE37551FBC18100020ADFE /* Main.storyboard */ = {
			isa = PBXVariantGroup;
			children = (
				3EAE37561FBC18100020ADFE /* Base */,
			);
			name = Main.storyboard;
			sourceTree = "<group>";
		};
		3EAE375A1FBC18100020ADFE /* LaunchScreen.storyboard */ = {
			isa = PBXVariantGroup;
			children = (
				3EAE375B1FBC18100020ADFE /* Base */,
			);
			name = LaunchScreen.storyboard;
			sourceTree = "<group>";
		};
/* End PBXVariantGroup section */

/* Begin XCBuildConfiguration section */
		3EAE375E1FBC18100020ADFE /* Debug */ = {
			isa = XCBuildConfiguration;
			buildSettings = {
				ALWAYS_SEARCH_USER_PATHS = NO;
				CLANG_ANALYZER_NONNULL = YES;
				CLANG_ANALYZER_NUMBER_OBJECT_CONVERSION = YES_AGGRESSIVE;
				CLANG_CXX_LANGUAGE_STANDARD = "gnu++14";
				CLANG_CXX_LIBRARY = "libc++";
				CLANG_ENABLE_MODULES = YES;
				CLANG_ENABLE_OBJC_ARC = YES;
				CLANG_WARN_BLOCK_CAPTURE_AUTORELEASING = YES;
				CLANG_WARN_BOOL_CONVERSION = YES;
				CLANG_WARN_COMMA = YES;
				CLANG_WARN_CONSTANT_CONVERSION = YES;
				CLANG_WARN_DIRECT_OBJC_ISA_USAGE = YES_ERROR;
				CLANG_WARN_DOCUMENTATION_COMMENTS = YES;
				CLANG_WARN_EMPTY_BODY = YES;
				CLANG_WARN_ENUM_CONVERSION = YES;
				CLANG_WARN_INFINITE_RECURSION = YES;
				CLANG_WARN_INT_CONVERSION = YES;
				CLANG_WARN_NON_LITERAL_NULL_CONVERSION = YES;
				CLANG_WARN_OBJC_LITERAL_CONVERSION = YES;
				CLANG_WARN_OBJC_ROOT_CLASS = YES_ERROR;
				CLANG_WARN_RANGE_LOOP_ANALYSIS = YES;
				CLANG_WARN_STRICT_PROTOTYPES = YES;
				CLANG_WARN_SUSPICIOUS_MOVE = YES;
				CLANG_WARN_UNGUARDED_AVAILABILITY = YES_AGGRESSIVE;
				CLANG_WARN_UNREACHABLE_CODE = YES;
				CLANG_WARN__DUPLICATE_METHOD_MATCH = YES;
				CODE_SIGN_IDENTITY = "iPhone Developer";
				COPY_PHASE_STRIP = NO;
				DEBUG_INFORMATION_FORMAT = dwarf;
				ENABLE_STRICT_OBJC_MSGSEND = YES;
				ENABLE_TESTABILITY = YES;
				GCC_C_LANGUAGE_STANDARD = gnu11;
				GCC_DYNAMIC_NO_PIC = NO;
				GCC_NO_COMMON_BLOCKS = YES;
				GCC_OPTIMIZATION_LEVEL = 0;
				GCC_PREPROCESSOR_DEFINITIONS = (
					"DEBUG=1",
					"$(inherited)",
				);
				GCC_WARN_64_TO_32_BIT_CONVERSION = YES;
				GCC_WARN_ABOUT_RETURN_TYPE = YES_ERROR;
				GCC_WARN_UNDECLARED_SELECTOR = YES;
				GCC_WARN_UNINITIALIZED_AUTOS = YES_AGGRESSIVE;
				GCC_WARN_UNUSED_FUNCTION = YES;
				GCC_WARN_UNUSED_VARIABLE = YES;
				IPHONEOS_DEPLOYMENT_TARGET = 11.1;
				MTL_ENABLE_DEBUG_INFO = YES;
				ONLY_ACTIVE_ARCH = YES;
				SDKROOT = iphoneos;
				SWIFT_ACTIVE_COMPILATION_CONDITIONS = DEBUG;
				SWIFT_OPTIMIZATION_LEVEL = "-Onone";
			};
			name = Debug;
		};
		3EAE375F1FBC18100020ADFE /* Release */ = {
			isa = XCBuildConfiguration;
			buildSettings = {
				ALWAYS_SEARCH_USER_PATHS = NO;
				CLANG_ANALYZER_NONNULL = YES;
				CLANG_ANALYZER_NUMBER_OBJECT_CONVERSION = YES_AGGRESSIVE;
				CLANG_CXX_LANGUAGE_STANDARD = "gnu++14";
				CLANG_CXX_LIBRARY = "libc++";
				CLANG_ENABLE_MODULES = YES;
				CLANG_ENABLE_OBJC_ARC = YES;
				CLANG_WARN_BLOCK_CAPTURE_AUTORELEASING = YES;
				CLANG_WARN_BOOL_CONVERSION = YES;
				CLANG_WARN_COMMA = YES;
				CLANG_WARN_CONSTANT_CONVERSION = YES;
				CLANG_WARN_DIRECT_OBJC_ISA_USAGE = YES_ERROR;
				CLANG_WARN_DOCUMENTATION_COMMENTS = YES;
				CLANG_WARN_EMPTY_BODY = YES;
				CLANG_WARN_ENUM_CONVERSION = YES;
				CLANG_WARN_INFINITE_RECURSION = YES;
				CLANG_WARN_INT_CONVERSION = YES;
				CLANG_WARN_NON_LITERAL_NULL_CONVERSION = YES;
				CLANG_WARN_OBJC_LITERAL_CONVERSION = YES;
				CLANG_WARN_OBJC_ROOT_CLASS = YES_ERROR;
				CLANG_WARN_RANGE_LOOP_ANALYSIS = YES;
				CLANG_WARN_STRICT_PROTOTYPES = YES;
				CLANG_WARN_SUSPICIOUS_MOVE = YES;
				CLANG_WARN_UNGUARDED_AVAILABILITY = YES_AGGRESSIVE;
				CLANG_WARN_UNREACHABLE_CODE = YES;
				CLANG_WARN__DUPLICATE_METHOD_MATCH = YES;
				CODE_SIGN_IDENTITY = "iPhone Developer";
				COPY_PHASE_STRIP = NO;
				DEBUG_INFORMATION_FORMAT = "dwarf-with-dsym";
				ENABLE_NS_ASSERTIONS = NO;
				ENABLE_STRICT_OBJC_MSGSEND = YES;
				GCC_C_LANGUAGE_STANDARD = gnu11;
				GCC_NO_COMMON_BLOCKS = YES;
				GCC_WARN_64_TO_32_BIT_CONVERSION = YES;
				GCC_WARN_ABOUT_RETURN_TYPE = YES_ERROR;
				GCC_WARN_UNDECLARED_SELECTOR = YES;
				GCC_WARN_UNINITIALIZED_AUTOS = YES_AGGRESSIVE;
				GCC_WARN_UNUSED_FUNCTION = YES;
				GCC_WARN_UNUSED_VARIABLE = YES;
				IPHONEOS_DEPLOYMENT_TARGET = 11.1;
				MTL_ENABLE_DEBUG_INFO = NO;
				SDKROOT = iphoneos;
				SWIFT_OPTIMIZATION_LEVEL = "-Owholemodule";
				VALIDATE_PRODUCT = YES;
			};
			name = Release;
		};
		3EAE37611FBC18100020ADFE /* Debug */ = {
			isa = XCBuildConfiguration;
			buildSettings = {
				ASSETCATALOG_COMPILER_APPICON_NAME = AppIcon;
				CODE_SIGN_STYLE = Automatic;
				DEVELOPMENT_TEAM = KY9W9NLJDU;
				INFOPLIST_FILE = "iOS-Experiments/Info.plist";
				LD_RUNPATH_SEARCH_PATHS = "$(inherited) @executable_path/Frameworks";
				PRODUCT_BUNDLE_IDENTIFIER = "com.4mfd.project.iOS-Experiments";
				PRODUCT_NAME = "$(TARGET_NAME)";
				SWIFT_VERSION = 4.0;
				TARGETED_DEVICE_FAMILY = "1,2";
			};
			name = Debug;
		};
		3EAE37621FBC18100020ADFE /* Release */ = {
			isa = XCBuildConfiguration;
			buildSettings = {
				ASSETCATALOG_COMPILER_APPICON_NAME = AppIcon;
				CODE_SIGN_STYLE = Automatic;
				DEVELOPMENT_TEAM = KY9W9NLJDU;
				INFOPLIST_FILE = "iOS-Experiments/Info.plist";
				LD_RUNPATH_SEARCH_PATHS = "$(inherited) @executable_path/Frameworks";
				PRODUCT_BUNDLE_IDENTIFIER = "com.4mfd.project.iOS-Experiments";
				PRODUCT_NAME = "$(TARGET_NAME)";
				SWIFT_VERSION = 4.0;
				TARGETED_DEVICE_FAMILY = "1,2";
			};
			name = Release;
		};
		3EAE37711FBC1F360020ADFE /* Debug */ = {
			isa = XCBuildConfiguration;
			buildSettings = {
				BUNDLE_LOADER = "$(TEST_HOST)";
				CODE_SIGN_STYLE = Automatic;
				DEVELOPMENT_TEAM = KY9W9NLJDU;
				INFOPLIST_FILE = "iOS-ExperimentsTests/Info.plist";
				LD_RUNPATH_SEARCH_PATHS = "$(inherited) @executable_path/Frameworks @loader_path/Frameworks";
				PRODUCT_BUNDLE_IDENTIFIER = "com.4mfd.project.iOS-ExperimentsTests";
				PRODUCT_NAME = "$(TARGET_NAME)";
				SWIFT_VERSION = 4.0;
				TARGETED_DEVICE_FAMILY = "1,2";
				TEST_HOST = "$(BUILT_PRODUCTS_DIR)/iOS-Experiments.app/iOS-Experiments";
			};
			name = Debug;
		};
		3EAE37721FBC1F360020ADFE /* Release */ = {
			isa = XCBuildConfiguration;
			buildSettings = {
				BUNDLE_LOADER = "$(TEST_HOST)";
				CODE_SIGN_STYLE = Automatic;
				DEVELOPMENT_TEAM = KY9W9NLJDU;
				INFOPLIST_FILE = "iOS-ExperimentsTests/Info.plist";
				LD_RUNPATH_SEARCH_PATHS = "$(inherited) @executable_path/Frameworks @loader_path/Frameworks";
				PRODUCT_BUNDLE_IDENTIFIER = "com.4mfd.project.iOS-ExperimentsTests";
				PRODUCT_NAME = "$(TARGET_NAME)";
				SWIFT_VERSION = 4.0;
				TARGETED_DEVICE_FAMILY = "1,2";
				TEST_HOST = "$(BUILT_PRODUCTS_DIR)/iOS-Experiments.app/iOS-Experiments";
			};
			name = Release;
		};
		3EAE37831FBC35260020ADFE /* Debug */ = {
			isa = XCBuildConfiguration;
			buildSettings = {
				CODE_SIGN_STYLE = Automatic;
				DEVELOPMENT_TEAM = KY9W9NLJDU;
				INFOPLIST_FILE = "iOS-ExperimentsUITests/Info.plist";
				LD_RUNPATH_SEARCH_PATHS = "$(inherited) @executable_path/Frameworks @loader_path/Frameworks";
				PRODUCT_BUNDLE_IDENTIFIER = "com.4mfd.project.iOS-ExperimentsUITests";
				PRODUCT_NAME = "$(TARGET_NAME)";
				SWIFT_VERSION = 4.0;
				TARGETED_DEVICE_FAMILY = "1,2";
				TEST_TARGET_NAME = "iOS-Experiments";
			};
			name = Debug;
		};
		3EAE37841FBC35260020ADFE /* Release */ = {
			isa = XCBuildConfiguration;
			buildSettings = {
				CODE_SIGN_STYLE = Automatic;
				DEVELOPMENT_TEAM = KY9W9NLJDU;
				INFOPLIST_FILE = "iOS-ExperimentsUITests/Info.plist";
				LD_RUNPATH_SEARCH_PATHS = "$(inherited) @executable_path/Frameworks @loader_path/Frameworks";
				PRODUCT_BUNDLE_IDENTIFIER = "com.4mfd.project.iOS-ExperimentsUITests";
				PRODUCT_NAME = "$(TARGET_NAME)";
				SWIFT_VERSION = 4.0;
				TARGETED_DEVICE_FAMILY = "1,2";
				TEST_TARGET_NAME = "iOS-Experiments";
			};
			name = Release;
		};
/* End XCBuildConfiguration section */

/* Begin XCConfigurationList section */
		3EAE37491FBC18100020ADFE /* Build configuration list for PBXProject "iOS-Experiments" */ = {
			isa = XCConfigurationList;
			buildConfigurations = (
				3EAE375E1FBC18100020ADFE /* Debug */,
				3EAE375F1FBC18100020ADFE /* Release */,
			);
			defaultConfigurationIsVisible = 0;
			defaultConfigurationName = Release;
		};
		3EAE37601FBC18100020ADFE /* Build configuration list for PBXNativeTarget "iOS-Experiments" */ = {
			isa = XCConfigurationList;
			buildConfigurations = (
				3EAE37611FBC18100020ADFE /* Debug */,
				3EAE37621FBC18100020ADFE /* Release */,
			);
			defaultConfigurationIsVisible = 0;
			defaultConfigurationName = Release;
		};
		3EAE37701FBC1F360020ADFE /* Build configuration list for PBXNativeTarget "iOS-ExperimentsTests" */ = {
			isa = XCConfigurationList;
			buildConfigurations = (
				3EAE37711FBC1F360020ADFE /* Debug */,
				3EAE37721FBC1F360020ADFE /* Release */,
			);
			defaultConfigurationIsVisible = 0;
			defaultConfigurationName = Release;
		};
		3EAE37821FBC35260020ADFE /* Build configuration list for PBXNativeTarget "iOS-ExperimentsUITests" */ = {
			isa = XCConfigurationList;
			buildConfigurations = (
				3EAE37831FBC35260020ADFE /* Debug */,
				3EAE37841FBC35260020ADFE /* Release */,
			);
			defaultConfigurationIsVisible = 0;
			defaultConfigurationName = Release;
		};
/* End XCConfigurationList section */
	};
	rootObject = 3EAE37461FBC18100020ADFE /* Project object */;
}
